{
    "_meta": {
        "hash": {
            "sha256": "a6fe44fdcad0c6bebb38e4d1756bae39e069eaf70ff5d72b55f3141d4da785b2"
        },
        "pipfile-spec": 6,
        "requires": {
            "python_version": "3.6"
        },
        "sources": [
            {
                "name": "pypi",
                "url": "https://pypi.python.org/simple",
                "verify_ssl": true
            }
        ]
    },
    "default": {
        "parsy": {
            "hashes": [
                "sha256:05a70bc232e88bcb6ca100e09f3ef38296937698cc21d2b895bac7331d96906c",
                "sha256:ddd4306421a84fbdb8047f3806683d364be6a07fe5f452645d75f9d20f78b855"
            ],
            "index": "pypi",
            "version": "==1.2.0"
        }
    },
    "develop": {}
}
